// !$*UTF8*$!
{
	archiveVersion = 1;
	classes = {
	};
	objectVersion = 50;
	objects = {

/* Begin PBXBuildFile section */
		9F00A5A82301A56B001A5991 /* AppDelegate.swift in Sources */ = {isa = PBXBuildFile; fileRef = 9F00A5A72301A56B001A5991 /* AppDelegate.swift */; };
		9F00A5AA2301A56B001A5991 /* ViewController.swift in Sources */ = {isa = PBXBuildFile; fileRef = 9F00A5A92301A56B001A5991 /* ViewController.swift */; };
		9F00A5AD2301A56B001A5991 /* Main.storyboard in Resources */ = {isa = PBXBuildFile; fileRef = 9F00A5AB2301A56B001A5991 /* Main.storyboard */; };
		9F00A5AF2301A56C001A5991 /* Assets.xcassets in Resources */ = {isa = PBXBuildFile; fileRef = 9F00A5AE2301A56C001A5991 /* Assets.xcassets */; };
		9F00A5B22301A56C001A5991 /* LaunchScreen.storyboard in Resources */ = {isa = PBXBuildFile; fileRef = 9F00A5B02301A56C001A5991 /* LaunchScreen.storyboard */; };
		9F00A5BD2301A56C001A5991 /* EmojinalTests.swift in Sources */ = {isa = PBXBuildFile; fileRef = 9F00A5BC2301A56C001A5991 /* EmojinalTests.swift */; };
		9F00A5C82301A56C001A5991 /* EmojinalUITests.swift in Sources */ = {isa = PBXBuildFile; fileRef = 9F00A5C72301A56C001A5991 /* EmojinalUITests.swift */; };
/* End PBXBuildFile section */

/* Begin PBXContainerItemProxy section */
		9F00A5B92301A56C001A5991 /* PBXContainerItemProxy */ = {
			isa = PBXContainerItemProxy;
			containerPortal = 9F00A59C2301A56B001A5991 /* Project object */;
			proxyType = 1;
			remoteGlobalIDString = 9F00A5A32301A56B001A5991;
			remoteInfo = Emojinal;
		};
		9F00A5C42301A56C001A5991 /* PBXContainerItemProxy */ = {
			isa = PBXContainerItemProxy;
			containerPortal = 9F00A59C2301A56B001A5991 /* Project object */;
			proxyType = 1;
			remoteGlobalIDString = 9F00A5A32301A56B001A5991;
			remoteInfo = Emojinal;
		};
/* End PBXContainerItemProxy section */

/* Begin PBXFileReference section */
		9F00A5A42301A56B001A5991 /* Emojinal.app */ = {isa = PBXFileReference; explicitFileType = wrapper.application; includeInIndex = 0; path = Emojinal.app; sourceTree = BUILT_PRODUCTS_DIR; };
		9F00A5A72301A56B001A5991 /* AppDelegate.swift */ = {isa = PBXFileReference; lastKnownFileType = sourcecode.swift; path = AppDelegate.swift; sourceTree = "<group>"; };
		9F00A5A92301A56B001A5991 /* ViewController.swift */ = {isa = PBXFileReference; lastKnownFileType = sourcecode.swift; path = ViewController.swift; sourceTree = "<group>"; };
		9F00A5AC2301A56B001A5991 /* Base */ = {isa = PBXFileReference; lastKnownFileType = file.storyboard; name = Base; path = Base.lproj/Main.storyboard; sourceTree = "<group>"; };
		9F00A5AE2301A56C001A5991 /* Assets.xcassets */ = {isa = PBXFileReference; lastKnownFileType = folder.assetcatalog; path = Assets.xcassets; sourceTree = "<group>"; };
		9F00A5B12301A56C001A5991 /* Base */ = {isa = PBXFileReference; lastKnownFileType = file.storyboard; name = Base; path = Base.lproj/LaunchScreen.storyboard; sourceTree = "<group>"; };
		9F00A5B32301A56C001A5991 /* Info.plist */ = {isa = PBXFileReference; lastKnownFileType = text.plist.xml; path = Info.plist; sourceTree = "<group>"; };
		9F00A5B82301A56C001A5991 /* EmojinalTests.xctest */ = {isa = PBXFileReference; explicitFileType = wrapper.cfbundle; includeInIndex = 0; path = EmojinalTests.xctest; sourceTree = BUILT_PRODUCTS_DIR; };
		9F00A5BC2301A56C001A5991 /* EmojinalTests.swift */ = {isa = PBXFileReference; lastKnownFileType = sourcecode.swift; path = EmojinalTests.swift; sourceTree = "<group>"; };
		9F00A5BE2301A56C001A5991 /* Info.plist */ = {isa = PBXFileReference; lastKnownFileType = text.plist.xml; path = Info.plist; sourceTree = "<group>"; };
		9F00A5C32301A56C001A5991 /* EmojinalUITests.xctest */ = {isa = PBXFileReference; explicitFileType = wrapper.cfbundle; includeInIndex = 0; path = EmojinalUITests.xctest; sourceTree = BUILT_PRODUCTS_DIR; };
		9F00A5C72301A56C001A5991 /* EmojinalUITests.swift */ = {isa = PBXFileReference; lastKnownFileType = sourcecode.swift; path = EmojinalUITests.swift; sourceTree = "<group>"; };
		9F00A5C92301A56C001A5991 /* Info.plist */ = {isa = PBXFileReference; lastKnownFileType = text.plist.xml; path = Info.plist; sourceTree = "<group>"; };
/* End PBXFileReference section */

/* Begin PBXFrameworksBuildPhase section */
		9F00A5A12301A56B001A5991 /* Frameworks */ = {
			isa = PBXFrameworksBuildPhase;
			buildActionMask = 2147483647;
			files = (
			);
			runOnlyForDeploymentPostprocessing = 0;
		};
		9F00A5B52301A56C001A5991 /* Frameworks */ = {
			isa = PBXFrameworksBuildPhase;
			buildActionMask = 2147483647;
			files = (
			);
			runOnlyForDeploymentPostprocessing = 0;
		};
		9F00A5C02301A56C001A5991 /* Frameworks */ = {
			isa = PBXFrameworksBuildPhase;
			buildActionMask = 2147483647;
			files = (
			);
			runOnlyForDeploymentPostprocessing = 0;
		};
/* End PBXFrameworksBuildPhase section */

/* Begin PBXGroup section */
		9F00A59B2301A56B001A5991 = {
			isa = PBXGroup;
			children = (
				9F00A5A62301A56B001A5991 /* Emojinal */,
				9F00A5BB2301A56C001A5991 /* EmojinalTests */,
				9F00A5C62301A56C001A5991 /* EmojinalUITests */,
				9F00A5A52301A56B001A5991 /* Products */,
			);
			sourceTree = "<group>";
		};
		9F00A5A52301A56B001A5991 /* Products */ = {
			isa = PBXGroup;
			children = (
				9F00A5A42301A56B001A5991 /* Emojinal.app */,
				9F00A5B82301A56C001A5991 /* EmojinalTests.xctest */,
				9F00A5C32301A56C001A5991 /* EmojinalUITests.xctest */,
			);
			name = Products;
			sourceTree = "<group>";
		};
		9F00A5A62301A56B001A5991 /* Emojinal */ = {
			isa = PBXGroup;
			children = (
				9F00A5A72301A56B001A5991 /* AppDelegate.swift */,
				9F00A5A92301A56B001A5991 /* ViewController.swift */,
				9F00A5AB2301A56B001A5991 /* Main.storyboard */,
				9F00A5AE2301A56C001A5991 /* Assets.xcassets */,
				9F00A5B02301A56C001A5991 /* LaunchScreen.storyboard */,
				9F00A5B32301A56C001A5991 /* Info.plist */,
			);
			path = Emojinal;
			sourceTree = "<group>";
		};
		9F00A5BB2301A56C001A5991 /* EmojinalTests */ = {
			isa = PBXGroup;
			children = (
				9F00A5BC2301A56C001A5991 /* EmojinalTests.swift */,
				9F00A5BE2301A56C001A5991 /* Info.plist */,
			);
			path = EmojinalTests;
			sourceTree = "<group>";
		};
		9F00A5C62301A56C001A5991 /* EmojinalUITests */ = {
			isa = PBXGroup;
			children = (
				9F00A5C72301A56C001A5991 /* EmojinalUITests.swift */,
				9F00A5C92301A56C001A5991 /* Info.plist */,
			);
			path = EmojinalUITests;
			sourceTree = "<group>";
		};
/* End PBXGroup section */

/* Begin PBXNativeTarget section */
		9F00A5A32301A56B001A5991 /* Emojinal */ = {
			isa = PBXNativeTarget;
			buildConfigurationList = 9F00A5CC2301A56C001A5991 /* Build configuration list for PBXNativeTarget "Emojinal" */;
			buildPhases = (
				9F00A5A02301A56B001A5991 /* Sources */,
				9F00A5A12301A56B001A5991 /* Frameworks */,
				9F00A5A22301A56B001A5991 /* Resources */,
			);
			buildRules = (
			);
			dependencies = (
			);
			name = Emojinal;
			productName = Emojinal;
			productReference = 9F00A5A42301A56B001A5991 /* Emojinal.app */;
			productType = "com.apple.product-type.application";
		};
		9F00A5B72301A56C001A5991 /* EmojinalTests */ = {
			isa = PBXNativeTarget;
			buildConfigurationList = 9F00A5CF2301A56C001A5991 /* Build configuration list for PBXNativeTarget "EmojinalTests" */;
			buildPhases = (
				9F00A5B42301A56C001A5991 /* Sources */,
				9F00A5B52301A56C001A5991 /* Frameworks */,
				9F00A5B62301A56C001A5991 /* Resources */,
			);
			buildRules = (
			);
			dependencies = (
				9F00A5BA2301A56C001A5991 /* PBXTargetDependency */,
			);
			name = EmojinalTests;
			productName = EmojinalTests;
			productReference = 9F00A5B82301A56C001A5991 /* EmojinalTests.xctest */;
			productType = "com.apple.product-type.bundle.unit-test";
		};
		9F00A5C22301A56C001A5991 /* EmojinalUITests */ = {
			isa = PBXNativeTarget;
			buildConfigurationList = 9F00A5D22301A56C001A5991 /* Build configuration list for PBXNativeTarget "EmojinalUITests" */;
			buildPhases = (
				9F00A5BF2301A56C001A5991 /* Sources */,
				9F00A5C02301A56C001A5991 /* Frameworks */,
				9F00A5C12301A56C001A5991 /* Resources */,
			);
			buildRules = (
			);
			dependencies = (
				9F00A5C52301A56C001A5991 /* PBXTargetDependency */,
			);
			name = EmojinalUITests;
			productName = EmojinalUITests;
			productReference = 9F00A5C32301A56C001A5991 /* EmojinalUITests.xctest */;
			productType = "com.apple.product-type.bundle.ui-testing";
		};
/* End PBXNativeTarget section */

/* Begin PBXProject section */
		9F00A59C2301A56B001A5991 /* Project object */ = {
			isa = PBXProject;
			attributes = {
				LastSwiftUpdateCheck = 1020;
				LastUpgradeCheck = 1020;
				ORGANIZATIONNAME = "Katelyn D";
				TargetAttributes = {
					9F00A5A32301A56B001A5991 = {
						CreatedOnToolsVersion = 10.2.1;
					};
					9F00A5B72301A56C001A5991 = {
						CreatedOnToolsVersion = 10.2.1;
						TestTargetID = 9F00A5A32301A56B001A5991;
					};
					9F00A5C22301A56C001A5991 = {
						CreatedOnToolsVersion = 10.2.1;
						TestTargetID = 9F00A5A32301A56B001A5991;
					};
				};
			};
			buildConfigurationList = 9F00A59F2301A56B001A5991 /* Build configuration list for PBXProject "Emojinal" */;
			compatibilityVersion = "Xcode 9.3";
			developmentRegion = en;
			hasScannedForEncodings = 0;
			knownRegions = (
				en,
				Base,
			);
			mainGroup = 9F00A59B2301A56B001A5991;
			productRefGroup = 9F00A5A52301A56B001A5991 /* Products */;
			projectDirPath = "";
			projectRoot = "";
			targets = (
				9F00A5A32301A56B001A5991 /* Emojinal */,
				9F00A5B72301A56C001A5991 /* EmojinalTests */,
				9F00A5C22301A56C001A5991 /* EmojinalUITests */,
			);
		};
/* End PBXProject section */

/* Begin PBXResourcesBuildPhase section */
		9F00A5A22301A56B001A5991 /* Resources */ = {
			isa = PBXResourcesBuildPhase;
			buildActionMask = 2147483647;
			files = (
				9F00A5B22301A56C001A5991 /* LaunchScreen.storyboard in Resources */,
				9F00A5AF2301A56C001A5991 /* Assets.xcassets in Resources */,
				9F00A5AD2301A56B001A5991 /* Main.storyboard in Resources */,
			);
			runOnlyForDeploymentPostprocessing = 0;
		};
		9F00A5B62301A56C001A5991 /* Resources */ = {
			isa = PBXResourcesBuildPhase;
			buildActionMask = 2147483647;
			files = (
			);
			runOnlyForDeploymentPostprocessing = 0;
		};
		9F00A5C12301A56C001A5991 /* Resources */ = {
			isa = PBXResourcesBuildPhase;
			buildActionMask = 2147483647;
			files = (
			);
			runOnlyForDeploymentPostprocessing = 0;
		};
/* End PBXResourcesBuildPhase section */

/* Begin PBXSourcesBuildPhase section */
		9F00A5A02301A56B001A5991 /* Sources */ = {
			isa = PBXSourcesBuildPhase;
			buildActionMask = 2147483647;
			files = (
				9F00A5AA2301A56B001A5991 /* ViewController.swift in Sources */,
				9F00A5A82301A56B001A5991 /* AppDelegate.swift in Sources */,
			);
			runOnlyForDeploymentPostprocessing = 0;
		};
		9F00A5B42301A56C001A5991 /* Sources */ = {
			isa = PBXSourcesBuildPhase;
			buildActionMask = 2147483647;
			files = (
				9F00A5BD2301A56C001A5991 /* EmojinalTests.swift in Sources */,
			);
			runOnlyForDeploymentPostprocessing = 0;
		};
		9F00A5BF2301A56C001A5991 /* Sources */ = {
			isa = PBXSourcesBuildPhase;
			buildActionMask = 2147483647;
			files = (
				9F00A5C82301A56C001A5991 /* EmojinalUITests.swift in Sources */,
			);
			runOnlyForDeploymentPostprocessing = 0;
		};
/* End PBXSourcesBuildPhase section */

/* Begin PBXTargetDependency section */
		9F00A5BA2301A56C001A5991 /* PBXTargetDependency */ = {
			isa = PBXTargetDependency;
			target = 9F00A5A32301A56B001A5991 /* Emojinal */;
			targetProxy = 9F00A5B92301A56C001A5991 /* PBXContainerItemProxy */;
		};
		9F00A5C52301A56C001A5991 /* PBXTargetDependency */ = {
			isa = PBXTargetDependency;
			target = 9F00A5A32301A56B001A5991 /* Emojinal */;
			targetProxy = 9F00A5C42301A56C001A5991 /* PBXContainerItemProxy */;
		};
/* End PBXTargetDependency section */

/* Begin PBXVariantGroup section */
		9F00A5AB2301A56B001A5991 /* Main.storyboard */ = {
			isa = PBXVariantGroup;
			children = (
				9F00A5AC2301A56B001A5991 /* Base */,
			);
			name = Main.storyboard;
			sourceTree = "<group>";
		};
		9F00A5B02301A56C001A5991 /* LaunchScreen.storyboard */ = {
			isa = PBXVariantGroup;
			children = (
				9F00A5B12301A56C001A5991 /* Base */,
			);
			name = LaunchScreen.storyboard;
			sourceTree = "<group>";
		};
/* End PBXVariantGroup section */

/* Begin XCBuildConfiguration section */
		9F00A5CA2301A56C001A5991 /* Debug */ = {
			isa = XCBuildConfiguration;
			buildSettings = {
				ALWAYS_SEARCH_USER_PATHS = NO;
				CLANG_ANALYZER_NONNULL = YES;
				CLANG_ANALYZER_NUMBER_OBJECT_CONVERSION = YES_AGGRESSIVE;
				CLANG_CXX_LANGUAGE_STANDARD = "gnu++14";
				CLANG_CXX_LIBRARY = "libc++";
				CLANG_ENABLE_MODULES = YES;
				CLANG_ENABLE_OBJC_ARC = YES;
				CLANG_ENABLE_OBJC_WEAK = YES;
				CLANG_WARN_BLOCK_CAPTURE_AUTORELEASING = YES;
				CLANG_WARN_BOOL_CONVERSION = YES;
				CLANG_WARN_COMMA = YES;
				CLANG_WARN_CONSTANT_CONVERSION = YES;
				CLANG_WARN_DEPRECATED_OBJC_IMPLEMENTATIONS = YES;
				CLANG_WARN_DIRECT_OBJC_ISA_USAGE = YES_ERROR;
				CLANG_WARN_DOCUMENTATION_COMMENTS = YES;
				CLANG_WARN_EMPTY_BODY = YES;
				CLANG_WARN_ENUM_CONVERSION = YES;
				CLANG_WARN_INFINITE_RECURSION = YES;
				CLANG_WARN_INT_CONVERSION = YES;
				CLANG_WARN_NON_LITERAL_NULL_CONVERSION = YES;
				CLANG_WARN_OBJC_IMPLICIT_RETAIN_SELF = YES;
				CLANG_WARN_OBJC_LITERAL_CONVERSION = YES;
				CLANG_WARN_OBJC_ROOT_CLASS = YES_ERROR;
				CLANG_WARN_RANGE_LOOP_ANALYSIS = YES;
				CLANG_WARN_STRICT_PROTOTYPES = YES;
				CLANG_WARN_SUSPICIOUS_MOVE = YES;
				CLANG_WARN_UNGUARDED_AVAILABILITY = YES_AGGRESSIVE;
				CLANG_WARN_UNREACHABLE_CODE = YES;
				CLANG_WARN__DUPLICATE_METHOD_MATCH = YES;
				CODE_SIGN_IDENTITY = "iPhone Developer";
				COPY_PHASE_STRIP = NO;
				DEBUG_INFORMATION_FORMAT = dwarf;
				ENABLE_STRICT_OBJC_MSGSEND = YES;
				ENABLE_TESTABILITY = YES;
				GCC_C_LANGUAGE_STANDARD = gnu11;
				GCC_DYNAMIC_NO_PIC = NO;
				GCC_NO_COMMON_BLOCKS = YES;
				GCC_OPTIMIZATION_LEVEL = 0;
				GCC_PREPROCESSOR_DEFINITIONS = (
					"DEBUG=1",
					"$(inherited)",
				);
				GCC_WARN_64_TO_32_BIT_CONVERSION = YES;
				GCC_WARN_ABOUT_RETURN_TYPE = YES_ERROR;
				GCC_WARN_UNDECLARED_SELECTOR = YES;
				GCC_WARN_UNINITIALIZED_AUTOS = YES_AGGRESSIVE;
				GCC_WARN_UNUSED_FUNCTION = YES;
				GCC_WARN_UNUSED_VARIABLE = YES;
				IPHONEOS_DEPLOYMENT_TARGET = 12.2;
				MTL_ENABLE_DEBUG_INFO = INCLUDE_SOURCE;
				MTL_FAST_MATH = YES;
				ONLY_ACTIVE_ARCH = YES;
				SDKROOT = iphoneos;
				SWIFT_ACTIVE_COMPILATION_CONDITIONS = DEBUG;
				SWIFT_OPTIMIZATION_LEVEL = "-Onone";
			};
			name = Debug;
		};
		9F00A5CB2301A56C001A5991 /* Release */ = {
			isa = XCBuildConfiguration;
			buildSettings = {
				ALWAYS_SEARCH_USER_PATHS = NO;
				CLANG_ANALYZER_NONNULL = YES;
				CLANG_ANALYZER_NUMBER_OBJECT_CONVERSION = YES_AGGRESSIVE;
				CLANG_CXX_LANGUAGE_STANDARD = "gnu++14";
				CLANG_CXX_LIBRARY = "libc++";
				CLANG_ENABLE_MODULES = YES;
				CLANG_ENABLE_OBJC_ARC = YES;
				CLANG_ENABLE_OBJC_WEAK = YES;
				CLANG_WARN_BLOCK_CAPTURE_AUTORELEASING = YES;
				CLANG_WARN_BOOL_CONVERSION = YES;
				CLANG_WARN_COMMA = YES;
				CLANG_WARN_CONSTANT_CONVERSION = YES;
				CLANG_WARN_DEPRECATED_OBJC_IMPLEMENTATIONS = YES;
				CLANG_WARN_DIRECT_OBJC_ISA_USAGE = YES_ERROR;
				CLANG_WARN_DOCUMENTATION_COMMENTS = YES;
				CLANG_WARN_EMPTY_BODY = YES;
				CLANG_WARN_ENUM_CONVERSION = YES;
				CLANG_WARN_INFINITE_RECURSION = YES;
				CLANG_WARN_INT_CONVERSION = YES;
				CLANG_WARN_NON_LITERAL_NULL_CONVERSION = YES;
				CLANG_WARN_OBJC_IMPLICIT_RETAIN_SELF = YES;
				CLANG_WARN_OBJC_LITERAL_CONVERSION = YES;
				CLANG_WARN_OBJC_ROOT_CLASS = YES_ERROR;
				CLANG_WARN_RANGE_LOOP_ANALYSIS = YES;
				CLANG_WARN_STRICT_PROTOTYPES = YES;
				CLANG_WARN_SUSPICIOUS_MOVE = YES;
				CLANG_WARN_UNGUARDED_AVAILABILITY = YES_AGGRESSIVE;
				CLANG_WARN_UNREACHABLE_CODE = YES;
				CLANG_WARN__DUPLICATE_METHOD_MATCH = YES;
				CODE_SIGN_IDENTITY = "iPhone Developer";
				COPY_PHASE_STRIP = NO;
				DEBUG_INFORMATION_FORMAT = "dwarf-with-dsym";
				ENABLE_NS_ASSERTIONS = NO;
				ENABLE_STRICT_OBJC_MSGSEND = YES;
				GCC_C_LANGUAGE_STANDARD = gnu11;
				GCC_NO_COMMON_BLOCKS = YES;
				GCC_WARN_64_TO_32_BIT_CONVERSION = YES;
				GCC_WARN_ABOUT_RETURN_TYPE = YES_ERROR;
				GCC_WARN_UNDECLARED_SELECTOR = YES;
				GCC_WARN_UNINITIALIZED_AUTOS = YES_AGGRESSIVE;
				GCC_WARN_UNUSED_FUNCTION = YES;
				GCC_WARN_UNUSED_VARIABLE = YES;
				IPHONEOS_DEPLOYMENT_TARGET = 12.2;
				MTL_ENABLE_DEBUG_INFO = NO;
				MTL_FAST_MATH = YES;
				SDKROOT = iphoneos;
				SWIFT_COMPILATION_MODE = wholemodule;
				SWIFT_OPTIMIZATION_LEVEL = "-O";
				VALIDATE_PRODUCT = YES;
			};
			name = Release;
		};
		9F00A5CD2301A56C001A5991 /* Debug */ = {
			isa = XCBuildConfiguration;
			buildSettings = {
				ASSETCATALOG_COMPILER_APPICON_NAME = AppIcon;
				CODE_SIGN_STYLE = Automatic;
				INFOPLIST_FILE = Emojinal/Info.plist;
				LD_RUNPATH_SEARCH_PATHS = (
					"$(inherited)",
					"@executable_path/Frameworks",
				);
				PRODUCT_BUNDLE_IDENTIFIER = KWK.Emojinal;
				PRODUCT_NAME = "$(TARGET_NAME)";
				SWIFT_VERSION = 5.0;
				TARGETED_DEVICE_FAMILY = "1,2";
			};
			name = Debug;
		};
		9F00A5CE2301A56C001A5991 /* Release */ = {
			isa = XCBuildConfiguration;
			buildSettings = {
				ASSETCATALOG_COMPILER_APPICON_NAME = AppIcon;
				CODE_SIGN_STYLE = Automatic;
				INFOPLIST_FILE = Emojinal/Info.plist;
				LD_RUNPATH_SEARCH_PATHS = (
					"$(inherited)",
					"@executable_path/Frameworks",
				);
				PRODUCT_BUNDLE_IDENTIFIER = KWK.Emojinal;
				PRODUCT_NAME = "$(TARGET_NAME)";
				SWIFT_VERSION = 5.0;
				TARGETED_DEVICE_FAMILY = "1,2";
			};
			name = Release;
		};
		9F00A5D02301A56C001A5991 /* Debug */ = {
			isa = XCBuildConfiguration;
			buildSettings = {
				ALWAYS_EMBED_SWIFT_STANDARD_LIBRARIES = YES;
				BUNDLE_LOADER = "$(TEST_HOST)";
				CODE_SIGN_STYLE = Automatic;
				INFOPLIST_FILE = EmojinalTests/Info.plist;
				LD_RUNPATH_SEARCH_PATHS = (
					"$(inherited)",
					"@executable_path/Frameworks",
					"@loader_path/Frameworks",
				);
				PRODUCT_BUNDLE_IDENTIFIER = KWK.EmojinalTests;
				PRODUCT_NAME = "$(TARGET_NAME)";
				SWIFT_VERSION = 5.0;
				TARGETED_DEVICE_FAMILY = "1,2";
				TEST_HOST = "$(BUILT_PRODUCTS_DIR)/Emojinal.app/Emojinal";
			};
			name = Debug;
		};
		9F00A5D12301A56C001A5991 /* Release */ = {
			isa = XCBuildConfiguration;
			buildSettings = {
				ALWAYS_EMBED_SWIFT_STANDARD_LIBRARIES = YES;
				BUNDLE_LOADER = "$(TEST_HOST)";
				CODE_SIGN_STYLE = Automatic;
				INFOPLIST_FILE = EmojinalTests/Info.plist;
				LD_RUNPATH_SEARCH_PATHS = (
					"$(inherited)",
					"@executable_path/Frameworks",
					"@loader_path/Frameworks",
				);
				PRODUCT_BUNDLE_IDENTIFIER = KWK.EmojinalTests;
				PRODUCT_NAME = "$(TARGET_NAME)";
				SWIFT_VERSION = 5.0;
				TARGETED_DEVICE_FAMILY = "1,2";
				TEST_HOST = "$(BUILT_PRODUCTS_DIR)/Emojinal.app/Emojinal";
			};
			name = Release;
		};
		9F00A5D32301A56C001A5991 /* Debug */ = {
			isa = XCBuildConfiguration;
			buildSettings = {
				ALWAYS_EMBED_SWIFT_STANDARD_LIBRARIES = YES;
				CODE_SIGN_STYLE = Automatic;
				INFOPLIST_FILE = EmojinalUITests/Info.plist;
				LD_RUNPATH_SEARCH_PATHS = (
					"$(inherited)",
					"@executable_path/Frameworks",
					"@loader_path/Frameworks",
				);
				PRODUCT_BUNDLE_IDENTIFIER = KWK.EmojinalUITests;
				PRODUCT_NAME = "$(TARGET_NAME)";
				SWIFT_VERSION = 5.0;
				TARGETED_DEVICE_FAMILY = "1,2";
				TEST_TARGET_NAME = Emojinal;
			};
			name = Debug;
		};
		9F00A5D42301A56C001A5991 /* Release */ = {
			isa = XCBuildConfiguration;
			buildSettings = {
				ALWAYS_EMBED_SWIFT_STANDARD_LIBRARIES = YES;
				CODE_SIGN_STYLE = Automatic;
				INFOPLIST_FILE = EmojinalUITests/Info.plist;
				LD_RUNPATH_SEARCH_PATHS = (
					"$(inherited)",
					"@executable_path/Frameworks",
					"@loader_path/Frameworks",
				);
				PRODUCT_BUNDLE_IDENTIFIER = KWK.EmojinalUITests;
				PRODUCT_NAME = "$(TARGET_NAME)";
				SWIFT_VERSION = 5.0;
				TARGETED_DEVICE_FAMILY = "1,2";
				TEST_TARGET_NAME = Emojinal;
			};
			name = Release;
		};
/* End XCBuildConfiguration section */

/* Begin XCConfigurationList section */
		9F00A59F2301A56B001A5991 /* Build configuration list for PBXProject "Emojinal" */ = {
			isa = XCConfigurationList;
			buildConfigurations = (
				9F00A5CA2301A56C001A5991 /* Debug */,
				9F00A5CB2301A56C001A5991 /* Release */,
			);
			defaultConfigurationIsVisible = 0;
			defaultConfigurationName = Release;
		};
		9F00A5CC2301A56C001A5991 /* Build configuration list for PBXNativeTarget "Emojinal" */ = {
			isa = XCConfigurationList;
			buildConfigurations = (
				9F00A5CD2301A56C001A5991 /* Debug */,
				9F00A5CE2301A56C001A5991 /* Release */,
			);
			defaultConfigurationIsVisible = 0;
			defaultConfigurationName = Release;
		};
		9F00A5CF2301A56C001A5991 /* Build configuration list for PBXNativeTarget "EmojinalTests" */ = {
			isa = XCConfigurationList;
			buildConfigurations = (
				9F00A5D02301A56C001A5991 /* Debug */,
				9F00A5D12301A56C001A5991 /* Release */,
			);
			defaultConfigurationIsVisible = 0;
			defaultConfigurationName = Release;
		};
		9F00A5D22301A56C001A5991 /* Build configuration list for PBXNativeTarget "EmojinalUITests" */ = {
			isa = XCConfigurationList;
			buildConfigurations = (
				9F00A5D32301A56C001A5991 /* Debug */,
				9F00A5D42301A56C001A5991 /* Release */,
			);
			defaultConfigurationIsVisible = 0;
			defaultConfigurationName = Release;
		};
/* End XCConfigurationList section */
	};
	rootObject = 9F00A59C2301A56B001A5991 /* Project object */;
}
